
Microsoft Visual Studio Solution File, Format Version 12.00
# Visual Studio 15
VisualStudioVersion = 15.0.28010.2041
MinimumVisualStudioVersion = 10.0.40219.1
Project("{FAE04EC0-301F-11D3-BF4B-00C04F79EFBC}") = "EAN.GPD.Server", "EAN.GPD.Server\EAN.GPD.Server.csproj", "{11EC6352-9A4A-4DD9-8240-02A93BD5E4FF}"
EndProject
Project("{FAE04EC0-301F-11D3-BF4B-00C04F79EFBC}") = "EAN.GPD.Domain", "EAN.GPD.Domain\EAN.GPD.Domain.csproj", "{105516FC-B591-42C9-AF1B-F0673C355F4F}"
EndProject
Project("{FAE04EC0-301F-11D3-BF4B-00C04F79EFBC}") = "EAN.GPD.Infrastructure", "EAN.GPD.Infrastructure\EAN.GPD.Infrastructure.csproj", "{6F99A57D-85C7-449E-AE2E-E236668D3651}"
EndProject
Global
	GlobalSection(SolutionConfigurationPlatforms) = preSolution
		Debug|Any CPU = Debug|Any CPU
		Release|Any CPU = Release|Any CPU
	EndGlobalSection
	GlobalSection(ProjectConfigurationPlatforms) = postSolution
		{11EC6352-9A4A-4DD9-8240-02A93BD5E4FF}.Debug|Any CPU.ActiveCfg = Debug|Any CPU
		{11EC6352-9A4A-4DD9-8240-02A93BD5E4FF}.Debug|Any CPU.Build.0 = Debug|Any CPU
		{11EC6352-9A4A-4DD9-8240-02A93BD5E4FF}.Release|Any CPU.ActiveCfg = Release|Any CPU
		{11EC6352-9A4A-4DD9-8240-02A93BD5E4FF}.Release|Any CPU.Build.0 = Release|Any CPU
		{105516FC-B591-42C9-AF1B-F0673C355F4F}.Debug|Any CPU.ActiveCfg = Debug|Any CPU
		{105516FC-B591-42C9-AF1B-F0673C355F4F}.Debug|Any CPU.Build.0 = Debug|Any CPU
		{105516FC-B591-42C9-AF1B-F0673C355F4F}.Release|Any CPU.ActiveCfg = Release|Any CPU
		{105516FC-B591-42C9-AF1B-F0673C355F4F}.Release|Any CPU.Build.0 = Release|Any CPU
		{6F99A57D-85C7-449E-AE2E-E236668D3651}.Debug|Any CPU.ActiveCfg = Debug|Any CPU
		{6F99A57D-85C7-449E-AE2E-E236668D3651}.Debug|Any CPU.Build.0 = Debug|Any CPU
		{6F99A57D-85C7-449E-AE2E-E236668D3651}.Release|Any CPU.ActiveCfg = Release|Any CPU
		{6F99A57D-85C7-449E-AE2E-E236668D3651}.Release|Any CPU.Build.0 = Release|Any CPU
	EndGlobalSection
	GlobalSection(SolutionProperties) = preSolution
		HideSolutionNode = FALSE
	EndGlobalSection
	GlobalSection(ExtensibilityGlobals) = postSolution
		SolutionGuid = {378B6001-0DB3-4FF7-95D2-49DC1A7B6454}
	EndGlobalSection
EndGlobal
